// !$*UTF8*$!
{
	archiveVersion = 1;
	classes = {
	};
	objectVersion = 46;
	objects = {

/* Begin PBXBuildFile section */
		02E5CF801A36C95E003CB9C4 /* AppDelegate.swift in Sources */ = {isa = PBXBuildFile; fileRef = 02E5CF7F1A36C95E003CB9C4 /* AppDelegate.swift */; };
		02E5CF821A36C95E003CB9C4 /* ViewController.swift in Sources */ = {isa = PBXBuildFile; fileRef = 02E5CF811A36C95E003CB9C4 /* ViewController.swift */; };
		02E5CF851A36C95E003CB9C4 /* Main.storyboard in Resources */ = {isa = PBXBuildFile; fileRef = 02E5CF831A36C95E003CB9C4 /* Main.storyboard */; };
		02E5CF871A36C95E003CB9C4 /* Images.xcassets in Resources */ = {isa = PBXBuildFile; fileRef = 02E5CF861A36C95E003CB9C4 /* Images.xcassets */; };
		02E5CF8A1A36C95E003CB9C4 /* LaunchScreen.xib in Resources */ = {isa = PBXBuildFile; fileRef = 02E5CF881A36C95E003CB9C4 /* LaunchScreen.xib */; };
		02E5CF961A36C95E003CB9C4 /* Learning_SwiftTests.swift in Sources */ = {isa = PBXBuildFile; fileRef = 02E5CF951A36C95E003CB9C4 /* Learning_SwiftTests.swift */; };
/* End PBXBuildFile section */

/* Begin PBXContainerItemProxy section */
		02E5CF901A36C95E003CB9C4 /* PBXContainerItemProxy */ = {
			isa = PBXContainerItemProxy;
			containerPortal = 02E5CF721A36C95E003CB9C4 /* Project object */;
			proxyType = 1;
			remoteGlobalIDString = 02E5CF791A36C95E003CB9C4;
			remoteInfo = "Learning Swift";
		};
/* End PBXContainerItemProxy section */

/* Begin PBXFileReference section */
		02E5CF7A1A36C95E003CB9C4 /* Learning Swift.app */ = {isa = PBXFileReference; explicitFileType = wrapper.application; includeInIndex = 0; path = "Learning Swift.app"; sourceTree = BUILT_PRODUCTS_DIR; };
		02E5CF7E1A36C95E003CB9C4 /* Info.plist */ = {isa = PBXFileReference; lastKnownFileType = text.plist.xml; path = Info.plist; sourceTree = "<group>"; };
		02E5CF7F1A36C95E003CB9C4 /* AppDelegate.swift */ = {isa = PBXFileReference; lastKnownFileType = sourcecode.swift; path = AppDelegate.swift; sourceTree = "<group>"; };
		02E5CF811A36C95E003CB9C4 /* ViewController.swift */ = {isa = PBXFileReference; lastKnownFileType = sourcecode.swift; path = ViewController.swift; sourceTree = "<group>"; };
		02E5CF841A36C95E003CB9C4 /* Base */ = {isa = PBXFileReference; lastKnownFileType = file.storyboard; name = Base; path = Base.lproj/Main.storyboard; sourceTree = "<group>"; };
		02E5CF861A36C95E003CB9C4 /* Images.xcassets */ = {isa = PBXFileReference; lastKnownFileType = folder.assetcatalog; path = Images.xcassets; sourceTree = "<group>"; };
		02E5CF891A36C95E003CB9C4 /* Base */ = {isa = PBXFileReference; lastKnownFileType = file.xib; name = Base; path = Base.lproj/LaunchScreen.xib; sourceTree = "<group>"; };
		02E5CF8F1A36C95E003CB9C4 /* Learning SwiftTests.xctest */ = {isa = PBXFileReference; explicitFileType = wrapper.cfbundle; includeInIndex = 0; path = "Learning SwiftTests.xctest"; sourceTree = BUILT_PRODUCTS_DIR; };
		02E5CF941A36C95E003CB9C4 /* Info.plist */ = {isa = PBXFileReference; lastKnownFileType = text.plist.xml; path = Info.plist; sourceTree = "<group>"; };
		02E5CF951A36C95E003CB9C4 /* Learning_SwiftTests.swift */ = {isa = PBXFileReference; lastKnownFileType = sourcecode.swift; path = Learning_SwiftTests.swift; sourceTree = "<group>"; };
		02E5CF9F1A36C997003CB9C4 /* MyPlayground.playground */ = {isa = PBXFileReference; lastKnownFileType = file.playground; path = MyPlayground.playground; sourceTree = "<group>"; };
/* End PBXFileReference section */

/* Begin PBXFrameworksBuildPhase section */
		02E5CF771A36C95E003CB9C4 /* Frameworks */ = {
			isa = PBXFrameworksBuildPhase;
			buildActionMask = 2147483647;
			files = (
			);
			runOnlyForDeploymentPostprocessing = 0;
		};
		02E5CF8C1A36C95E003CB9C4 /* Frameworks */ = {
			isa = PBXFrameworksBuildPhase;
			buildActionMask = 2147483647;
			files = (
			);
			runOnlyForDeploymentPostprocessing = 0;
		};
/* End PBXFrameworksBuildPhase section */

/* Begin PBXGroup section */
		02E5CF711A36C95E003CB9C4 = {
			isa = PBXGroup;
			children = (
				02E5CF9F1A36C997003CB9C4 /* MyPlayground.playground */,
				02E5CF7C1A36C95E003CB9C4 /* Learning Swift */,
				02E5CF921A36C95E003CB9C4 /* Learning SwiftTests */,
				02E5CF7B1A36C95E003CB9C4 /* Products */,
			);
			sourceTree = "<group>";
		};
		02E5CF7B1A36C95E003CB9C4 /* Products */ = {
			isa = PBXGroup;
			children = (
				02E5CF7A1A36C95E003CB9C4 /* Learning Swift.app */,
				02E5CF8F1A36C95E003CB9C4 /* Learning SwiftTests.xctest */,
			);
			name = Products;
			sourceTree = "<group>";
		};
		02E5CF7C1A36C95E003CB9C4 /* Learning Swift */ = {
			isa = PBXGroup;
			children = (
				02E5CF7F1A36C95E003CB9C4 /* AppDelegate.swift */,
				02E5CF811A36C95E003CB9C4 /* ViewController.swift */,
				02E5CF831A36C95E003CB9C4 /* Main.storyboard */,
				02E5CF861A36C95E003CB9C4 /* Images.xcassets */,
				02E5CF881A36C95E003CB9C4 /* LaunchScreen.xib */,
				02E5CF7D1A36C95E003CB9C4 /* Supporting Files */,
			);
			path = "Learning Swift";
			sourceTree = "<group>";
		};
		02E5CF7D1A36C95E003CB9C4 /* Supporting Files */ = {
			isa = PBXGroup;
			children = (
				02E5CF7E1A36C95E003CB9C4 /* Info.plist */,
			);
			name = "Supporting Files";
			sourceTree = "<group>";
		};
		02E5CF921A36C95E003CB9C4 /* Learning SwiftTests */ = {
			isa = PBXGroup;
			children = (
				02E5CF951A36C95E003CB9C4 /* Learning_SwiftTests.swift */,
				02E5CF931A36C95E003CB9C4 /* Supporting Files */,
			);
			path = "Learning SwiftTests";
			sourceTree = "<group>";
		};
		02E5CF931A36C95E003CB9C4 /* Supporting Files */ = {
			isa = PBXGroup;
			children = (
				02E5CF941A36C95E003CB9C4 /* Info.plist */,
			);
			name = "Supporting Files";
			sourceTree = "<group>";
		};
/* End PBXGroup section */

/* Begin PBXNativeTarget section */
		02E5CF791A36C95E003CB9C4 /* Learning Swift */ = {
			isa = PBXNativeTarget;
			buildConfigurationList = 02E5CF991A36C95E003CB9C4 /* Build configuration list for PBXNativeTarget "Learning Swift" */;
			buildPhases = (
				02E5CF761A36C95E003CB9C4 /* Sources */,
				02E5CF771A36C95E003CB9C4 /* Frameworks */,
				02E5CF781A36C95E003CB9C4 /* Resources */,
			);
			buildRules = (
			);
			dependencies = (
			);
			name = "Learning Swift";
			productName = "Learning Swift";
			productReference = 02E5CF7A1A36C95E003CB9C4 /* Learning Swift.app */;
			productType = "com.apple.product-type.application";
		};
		02E5CF8E1A36C95E003CB9C4 /* Learning SwiftTests */ = {
			isa = PBXNativeTarget;
			buildConfigurationList = 02E5CF9C1A36C95E003CB9C4 /* Build configuration list for PBXNativeTarget "Learning SwiftTests" */;
			buildPhases = (
				02E5CF8B1A36C95E003CB9C4 /* Sources */,
				02E5CF8C1A36C95E003CB9C4 /* Frameworks */,
				02E5CF8D1A36C95E003CB9C4 /* Resources */,
			);
			buildRules = (
			);
			dependencies = (
				02E5CF911A36C95E003CB9C4 /* PBXTargetDependency */,
			);
			name = "Learning SwiftTests";
			productName = "Learning SwiftTests";
			productReference = 02E5CF8F1A36C95E003CB9C4 /* Learning SwiftTests.xctest */;
			productType = "com.apple.product-type.bundle.unit-test";
		};
/* End PBXNativeTarget section */

/* Begin PBXProject section */
		02E5CF721A36C95E003CB9C4 /* Project object */ = {
			isa = PBXProject;
			attributes = {
				LastUpgradeCheck = 0610;
				ORGANIZATIONNAME = "Elliott Lui";
				TargetAttributes = {
					02E5CF791A36C95E003CB9C4 = {
						CreatedOnToolsVersion = 6.1.1;
					};
					02E5CF8E1A36C95E003CB9C4 = {
						CreatedOnToolsVersion = 6.1.1;
						TestTargetID = 02E5CF791A36C95E003CB9C4;
					};
				};
			};
			buildConfigurationList = 02E5CF751A36C95E003CB9C4 /* Build configuration list for PBXProject "Learning Swift" */;
			compatibilityVersion = "Xcode 3.2";
			developmentRegion = English;
			hasScannedForEncodings = 0;
			knownRegions = (
				en,
				Base,
			);
			mainGroup = 02E5CF711A36C95E003CB9C4;
			productRefGroup = 02E5CF7B1A36C95E003CB9C4 /* Products */;
			projectDirPath = "";
			projectRoot = "";
			targets = (
				02E5CF791A36C95E003CB9C4 /* Learning Swift */,
				02E5CF8E1A36C95E003CB9C4 /* Learning SwiftTests */,
			);
		};
/* End PBXProject section */

/* Begin PBXResourcesBuildPhase section */
		02E5CF781A36C95E003CB9C4 /* Resources */ = {
			isa = PBXResourcesBuildPhase;
			buildActionMask = 2147483647;
			files = (
				02E5CF851A36C95E003CB9C4 /* Main.storyboard in Resources */,
				02E5CF8A1A36C95E003CB9C4 /* LaunchScreen.xib in Resources */,
				02E5CF871A36C95E003CB9C4 /* Images.xcassets in Resources */,
			);
			runOnlyForDeploymentPostprocessing = 0;
		};
		02E5CF8D1A36C95E003CB9C4 /* Resources */ = {
			isa = PBXResourcesBuildPhase;
			buildActionMask = 2147483647;
			files = (
			);
			runOnlyForDeploymentPostprocessing = 0;
		};
/* End PBXResourcesBuildPhase section */

/* Begin PBXSourcesBuildPhase section */
		02E5CF761A36C95E003CB9C4 /* Sources */ = {
			isa = PBXSourcesBuildPhase;
			buildActionMask = 2147483647;
			files = (
				02E5CF821A36C95E003CB9C4 /* ViewController.swift in Sources */,
				02E5CF801A36C95E003CB9C4 /* AppDelegate.swift in Sources */,
			);
			runOnlyForDeploymentPostprocessing = 0;
		};
		02E5CF8B1A36C95E003CB9C4 /* Sources */ = {
			isa = PBXSourcesBuildPhase;
			buildActionMask = 2147483647;
			files = (
				02E5CF961A36C95E003CB9C4 /* Learning_SwiftTests.swift in Sources */,
			);
			runOnlyForDeploymentPostprocessing = 0;
		};
/* End PBXSourcesBuildPhase section */

/* Begin PBXTargetDependency section */
		02E5CF911A36C95E003CB9C4 /* PBXTargetDependency */ = {
			isa = PBXTargetDependency;
			target = 02E5CF791A36C95E003CB9C4 /* Learning Swift */;
			targetProxy = 02E5CF901A36C95E003CB9C4 /* PBXContainerItemProxy */;
		};
/* End PBXTargetDependency section */

/* Begin PBXVariantGroup section */
		02E5CF831A36C95E003CB9C4 /* Main.storyboard */ = {
			isa = PBXVariantGroup;
			children = (
				02E5CF841A36C95E003CB9C4 /* Base */,
			);
			name = Main.storyboard;
			sourceTree = "<group>";
		};
		02E5CF881A36C95E003CB9C4 /* LaunchScreen.xib */ = {
			isa = PBXVariantGroup;
			children = (
				02E5CF891A36C95E003CB9C4 /* Base */,
			);
			name = LaunchScreen.xib;
			sourceTree = "<group>";
		};
/* End PBXVariantGroup section */

/* Begin XCBuildConfiguration section */
		02E5CF971A36C95E003CB9C4 /* Debug */ = {
			isa = XCBuildConfiguration;
			buildSettings = {
				ALWAYS_SEARCH_USER_PATHS = NO;
				CLANG_CXX_LANGUAGE_STANDARD = "gnu++0x";
				CLANG_CXX_LIBRARY = "libc++";
				CLANG_ENABLE_MODULES = YES;
				CLANG_ENABLE_OBJC_ARC = YES;
				CLANG_WARN_BOOL_CONVERSION = YES;
				CLANG_WARN_CONSTANT_CONVERSION = YES;
				CLANG_WARN_DIRECT_OBJC_ISA_USAGE = YES_ERROR;
				CLANG_WARN_EMPTY_BODY = YES;
				CLANG_WARN_ENUM_CONVERSION = YES;
				CLANG_WARN_INT_CONVERSION = YES;
				CLANG_WARN_OBJC_ROOT_CLASS = YES_ERROR;
				CLANG_WARN_UNREACHABLE_CODE = YES;
				CLANG_WARN__DUPLICATE_METHOD_MATCH = YES;
				"CODE_SIGN_IDENTITY[sdk=iphoneos*]" = "iPhone Developer";
				COPY_PHASE_STRIP = NO;
				ENABLE_STRICT_OBJC_MSGSEND = YES;
				GCC_C_LANGUAGE_STANDARD = gnu99;
				GCC_DYNAMIC_NO_PIC = NO;
				GCC_OPTIMIZATION_LEVEL = 0;
				GCC_PREPROCESSOR_DEFINITIONS = (
					"DEBUG=1",
					"$(inherited)",
				);
				GCC_SYMBOLS_PRIVATE_EXTERN = NO;
				GCC_WARN_64_TO_32_BIT_CONVERSION = YES;
				GCC_WARN_ABOUT_RETURN_TYPE = YES_ERROR;
				GCC_WARN_UNDECLARED_SELECTOR = YES;
				GCC_WARN_UNINITIALIZED_AUTOS = YES_AGGRESSIVE;
				GCC_WARN_UNUSED_FUNCTION = YES;
				GCC_WARN_UNUSED_VARIABLE = YES;
				IPHONEOS_DEPLOYMENT_TARGET = 8.1;
				MTL_ENABLE_DEBUG_INFO = YES;
				ONLY_ACTIVE_ARCH = YES;
				SDKROOT = iphoneos;
				SWIFT_OPTIMIZATION_LEVEL = "-Onone";
			};
			name = Debug;
		};
		02E5CF981A36C95E003CB9C4 /* Release */ = {
			isa = XCBuildConfiguration;
			buildSettings = {
				ALWAYS_SEARCH_USER_PATHS = NO;
				CLANG_CXX_LANGUAGE_STANDARD = "gnu++0x";
				CLANG_CXX_LIBRARY = "libc++";
				CLANG_ENABLE_MODULES = YES;
				CLANG_ENABLE_OBJC_ARC = YES;
				CLANG_WARN_BOOL_CONVERSION = YES;
				CLANG_WARN_CONSTANT_CONVERSION = YES;
				CLANG_WARN_DIRECT_OBJC_ISA_USAGE = YES_ERROR;
				CLANG_WARN_EMPTY_BODY = YES;
				CLANG_WARN_ENUM_CONVERSION = YES;
				CLANG_WARN_INT_CONVERSION = YES;
				CLANG_WARN_OBJC_ROOT_CLASS = YES_ERROR;
				CLANG_WARN_UNREACHABLE_CODE = YES;
				CLANG_WARN__DUPLICATE_METHOD_MATCH = YES;
				"CODE_SIGN_IDENTITY[sdk=iphoneos*]" = "iPhone Developer";
				COPY_PHASE_STRIP = YES;
				ENABLE_NS_ASSERTIONS = NO;
				ENABLE_STRICT_OBJC_MSGSEND = YES;
				GCC_C_LANGUAGE_STANDARD = gnu99;
				GCC_WARN_64_TO_32_BIT_CONVERSION = YES;
				GCC_WARN_ABOUT_RETURN_TYPE = YES_ERROR;
				GCC_WARN_UNDECLARED_SELECTOR = YES;
				GCC_WARN_UNINITIALIZED_AUTOS = YES_AGGRESSIVE;
				GCC_WARN_UNUSED_FUNCTION = YES;
				GCC_WARN_UNUSED_VARIABLE = YES;
				IPHONEOS_DEPLOYMENT_TARGET = 8.1;
				MTL_ENABLE_DEBUG_INFO = NO;
				SDKROOT = iphoneos;
				VALIDATE_PRODUCT = YES;
			};
			name = Release;
		};
		02E5CF9A1A36C95E003CB9C4 /* Debug */ = {
			isa = XCBuildConfiguration;
			buildSettings = {
				ASSETCATALOG_COMPILER_APPICON_NAME = AppIcon;
				INFOPLIST_FILE = "Learning Swift/Info.plist";
				LD_RUNPATH_SEARCH_PATHS = "$(inherited) @executable_path/Frameworks";
				PRODUCT_NAME = "$(TARGET_NAME)";
			};
			name = Debug;
		};
		02E5CF9B1A36C95E003CB9C4 /* Release */ = {
			isa = XCBuildConfiguration;
			buildSettings = {
				ASSETCATALOG_COMPILER_APPICON_NAME = AppIcon;
				INFOPLIST_FILE = "Learning Swift/Info.plist";
				LD_RUNPATH_SEARCH_PATHS = "$(inherited) @executable_path/Frameworks";
				PRODUCT_NAME = "$(TARGET_NAME)";
			};
			name = Release;
		};
		02E5CF9D1A36C95E003CB9C4 /* Debug */ = {
			isa = XCBuildConfiguration;
			buildSettings = {
				BUNDLE_LOADER = "$(TEST_HOST)";
				FRAMEWORK_SEARCH_PATHS = (
					"$(SDKROOT)/Developer/Library/Frameworks",
					"$(inherited)",
				);
				GCC_PREPROCESSOR_DEFINITIONS = (
					"DEBUG=1",
					"$(inherited)",
				);
				INFOPLIST_FILE = "Learning SwiftTests/Info.plist";
				LD_RUNPATH_SEARCH_PATHS = "$(inherited) @executable_path/Frameworks @loader_path/Frameworks";
				PRODUCT_NAME = "$(TARGET_NAME)";
				TEST_HOST = "$(BUILT_PRODUCTS_DIR)/Learning Swift.app/Learning Swift";
			};
			name = Debug;
		};
		02E5CF9E1A36C95E003CB9C4 /* Release */ = {
			isa = XCBuildConfiguration;
			buildSettings = {
				BUNDLE_LOADER = "$(TEST_HOST)";
				FRAMEWORK_SEARCH_PATHS = (
					"$(SDKROOT)/Developer/Library/Frameworks",
					"$(inherited)",
				);
				INFOPLIST_FILE = "Learning SwiftTests/Info.plist";
				LD_RUNPATH_SEARCH_PATHS = "$(inherited) @executable_path/Frameworks @loader_path/Frameworks";
				PRODUCT_NAME = "$(TARGET_NAME)";
				TEST_HOST = "$(BUILT_PRODUCTS_DIR)/Learning Swift.app/Learning Swift";
			};
			name = Release;
		};
/* End XCBuildConfiguration section */

/* Begin XCConfigurationList section */
		02E5CF751A36C95E003CB9C4 /* Build configuration list for PBXProject "Learning Swift" */ = {
			isa = XCConfigurationList;
			buildConfigurations = (
				02E5CF971A36C95E003CB9C4 /* Debug */,
				02E5CF981A36C95E003CB9C4 /* Release */,
			);
			defaultConfigurationIsVisible = 0;
			defaultConfigurationName = Release;
		};
		02E5CF991A36C95E003CB9C4 /* Build configuration list for PBXNativeTarget "Learning Swift" */ = {
			isa = XCConfigurationList;
			buildConfigurations = (
				02E5CF9A1A36C95E003CB9C4 /* Debug */,
				02E5CF9B1A36C95E003CB9C4 /* Release */,
			);
			defaultConfigurationIsVisible = 0;
		};
		02E5CF9C1A36C95E003CB9C4 /* Build configuration list for PBXNativeTarget "Learning SwiftTests" */ = {
			isa = XCConfigurationList;
			buildConfigurations = (
				02E5CF9D1A36C95E003CB9C4 /* Debug */,
				02E5CF9E1A36C95E003CB9C4 /* Release */,
			);
			defaultConfigurationIsVisible = 0;
		};
/* End XCConfigurationList section */
	};
	rootObject = 02E5CF721A36C95E003CB9C4 /* Project object */;
}
