// !$*UTF8*$!
{
	archiveVersion = 1;
	classes = {
	};
	objectVersion = 46;
	objects = {

/* Begin PBXBuildFile section */
		4F4D87861A25B440004F5F9F /* AppDelegate.swift in Sources */ = {isa = PBXBuildFile; fileRef = 4F4D87851A25B440004F5F9F /* AppDelegate.swift */; };
		4F4D87881A25B440004F5F9F /* ViewController.swift in Sources */ = {isa = PBXBuildFile; fileRef = 4F4D87871A25B440004F5F9F /* ViewController.swift */; };
		4F4D878B1A25B441004F5F9F /* Main.storyboard in Resources */ = {isa = PBXBuildFile; fileRef = 4F4D87891A25B441004F5F9F /* Main.storyboard */; };
		4F4D878D1A25B441004F5F9F /* Images.xcassets in Resources */ = {isa = PBXBuildFile; fileRef = 4F4D878C1A25B441004F5F9F /* Images.xcassets */; };
		4F4D87901A25B441004F5F9F /* LaunchScreen.xib in Resources */ = {isa = PBXBuildFile; fileRef = 4F4D878E1A25B441004F5F9F /* LaunchScreen.xib */; };
		4F4D879C1A25B441004F5F9F /* Example_AppTests.swift in Sources */ = {isa = PBXBuildFile; fileRef = 4F4D879B1A25B441004F5F9F /* Example_AppTests.swift */; };
/* End PBXBuildFile section */

/* Begin PBXContainerItemProxy section */
		4F4D87961A25B441004F5F9F /* PBXContainerItemProxy */ = {
			isa = PBXContainerItemProxy;
			containerPortal = 4F4D87781A25B440004F5F9F /* Project object */;
			proxyType = 1;
			remoteGlobalIDString = 4F4D877F1A25B440004F5F9F;
			remoteInfo = "Example App";
		};
/* End PBXContainerItemProxy section */

/* Begin PBXFileReference section */
		4F4D87801A25B440004F5F9F /* Example App.app */ = {isa = PBXFileReference; explicitFileType = wrapper.application; includeInIndex = 0; path = "Example App.app"; sourceTree = BUILT_PRODUCTS_DIR; };
		4F4D87841A25B440004F5F9F /* Info.plist */ = {isa = PBXFileReference; lastKnownFileType = text.plist.xml; path = Info.plist; sourceTree = "<group>"; };
		4F4D87851A25B440004F5F9F /* AppDelegate.swift */ = {isa = PBXFileReference; lastKnownFileType = sourcecode.swift; path = AppDelegate.swift; sourceTree = "<group>"; };
		4F4D87871A25B440004F5F9F /* ViewController.swift */ = {isa = PBXFileReference; lastKnownFileType = sourcecode.swift; path = ViewController.swift; sourceTree = "<group>"; };
		4F4D878A1A25B441004F5F9F /* Base */ = {isa = PBXFileReference; lastKnownFileType = file.storyboard; name = Base; path = Base.lproj/Main.storyboard; sourceTree = "<group>"; };
		4F4D878C1A25B441004F5F9F /* Images.xcassets */ = {isa = PBXFileReference; lastKnownFileType = folder.assetcatalog; path = Images.xcassets; sourceTree = "<group>"; };
		4F4D878F1A25B441004F5F9F /* Base */ = {isa = PBXFileReference; lastKnownFileType = file.xib; name = Base; path = Base.lproj/LaunchScreen.xib; sourceTree = "<group>"; };
		4F4D87951A25B441004F5F9F /* Example AppTests.xctest */ = {isa = PBXFileReference; explicitFileType = wrapper.cfbundle; includeInIndex = 0; path = "Example AppTests.xctest"; sourceTree = BUILT_PRODUCTS_DIR; };
		4F4D879A1A25B441004F5F9F /* Info.plist */ = {isa = PBXFileReference; lastKnownFileType = text.plist.xml; path = Info.plist; sourceTree = "<group>"; };
		4F4D879B1A25B441004F5F9F /* Example_AppTests.swift */ = {isa = PBXFileReference; lastKnownFileType = sourcecode.swift; path = Example_AppTests.swift; sourceTree = "<group>"; };
/* End PBXFileReference section */

/* Begin PBXFrameworksBuildPhase section */
		4F4D877D1A25B440004F5F9F /* Frameworks */ = {
			isa = PBXFrameworksBuildPhase;
			buildActionMask = 2147483647;
			files = (
			);
			runOnlyForDeploymentPostprocessing = 0;
		};
		4F4D87921A25B441004F5F9F /* Frameworks */ = {
			isa = PBXFrameworksBuildPhase;
			buildActionMask = 2147483647;
			files = (
			);
			runOnlyForDeploymentPostprocessing = 0;
		};
/* End PBXFrameworksBuildPhase section */

/* Begin PBXGroup section */
		4F4D87771A25B440004F5F9F = {
			isa = PBXGroup;
			children = (
				4F4D87821A25B440004F5F9F /* Example App */,
				4F4D87981A25B441004F5F9F /* Example AppTests */,
				4F4D87811A25B440004F5F9F /* Products */,
			);
			sourceTree = "<group>";
		};
		4F4D87811A25B440004F5F9F /* Products */ = {
			isa = PBXGroup;
			children = (
				4F4D87801A25B440004F5F9F /* Example App.app */,
				4F4D87951A25B441004F5F9F /* Example AppTests.xctest */,
			);
			name = Products;
			sourceTree = "<group>";
		};
		4F4D87821A25B440004F5F9F /* Example App */ = {
			isa = PBXGroup;
			children = (
				4F4D87851A25B440004F5F9F /* AppDelegate.swift */,
				4F4D87871A25B440004F5F9F /* ViewController.swift */,
				4F4D87891A25B441004F5F9F /* Main.storyboard */,
				4F4D878C1A25B441004F5F9F /* Images.xcassets */,
				4F4D878E1A25B441004F5F9F /* LaunchScreen.xib */,
				4F4D87831A25B440004F5F9F /* Supporting Files */,
			);
			path = "Example App";
			sourceTree = "<group>";
		};
		4F4D87831A25B440004F5F9F /* Supporting Files */ = {
			isa = PBXGroup;
			children = (
				4F4D87841A25B440004F5F9F /* Info.plist */,
			);
			name = "Supporting Files";
			sourceTree = "<group>";
		};
		4F4D87981A25B441004F5F9F /* Example AppTests */ = {
			isa = PBXGroup;
			children = (
				4F4D879B1A25B441004F5F9F /* Example_AppTests.swift */,
				4F4D87991A25B441004F5F9F /* Supporting Files */,
			);
			path = "Example AppTests";
			sourceTree = "<group>";
		};
		4F4D87991A25B441004F5F9F /* Supporting Files */ = {
			isa = PBXGroup;
			children = (
				4F4D879A1A25B441004F5F9F /* Info.plist */,
			);
			name = "Supporting Files";
			sourceTree = "<group>";
		};
/* End PBXGroup section */

/* Begin PBXNativeTarget section */
		4F4D877F1A25B440004F5F9F /* Example App */ = {
			isa = PBXNativeTarget;
			buildConfigurationList = 4F4D879F1A25B441004F5F9F /* Build configuration list for PBXNativeTarget "Example App" */;
			buildPhases = (
				4F4D877C1A25B440004F5F9F /* Sources */,
				4F4D877D1A25B440004F5F9F /* Frameworks */,
				4F4D877E1A25B440004F5F9F /* Resources */,
			);
			buildRules = (
			);
			dependencies = (
			);
			name = "Example App";
			productName = "Example App";
			productReference = 4F4D87801A25B440004F5F9F /* Example App.app */;
			productType = "com.apple.product-type.application";
		};
		4F4D87941A25B441004F5F9F /* Example AppTests */ = {
			isa = PBXNativeTarget;
			buildConfigurationList = 4F4D87A21A25B441004F5F9F /* Build configuration list for PBXNativeTarget "Example AppTests" */;
			buildPhases = (
				4F4D87911A25B441004F5F9F /* Sources */,
				4F4D87921A25B441004F5F9F /* Frameworks */,
				4F4D87931A25B441004F5F9F /* Resources */,
			);
			buildRules = (
			);
			dependencies = (
				4F4D87971A25B441004F5F9F /* PBXTargetDependency */,
			);
			name = "Example AppTests";
			productName = "Example AppTests";
			productReference = 4F4D87951A25B441004F5F9F /* Example AppTests.xctest */;
			productType = "com.apple.product-type.bundle.unit-test";
		};
/* End PBXNativeTarget section */

/* Begin PBXProject section */
		4F4D87781A25B440004F5F9F /* Project object */ = {
			isa = PBXProject;
			attributes = {
				LastUpgradeCheck = 0610;
				ORGANIZATIONNAME = "Elliott Lui";
				TargetAttributes = {
					4F4D877F1A25B440004F5F9F = {
						CreatedOnToolsVersion = 6.1;
					};
					4F4D87941A25B441004F5F9F = {
						CreatedOnToolsVersion = 6.1;
						TestTargetID = 4F4D877F1A25B440004F5F9F;
					};
				};
			};
			buildConfigurationList = 4F4D877B1A25B440004F5F9F /* Build configuration list for PBXProject "Example App" */;
			compatibilityVersion = "Xcode 3.2";
			developmentRegion = English;
			hasScannedForEncodings = 0;
			knownRegions = (
				en,
				Base,
			);
			mainGroup = 4F4D87771A25B440004F5F9F;
			productRefGroup = 4F4D87811A25B440004F5F9F /* Products */;
			projectDirPath = "";
			projectRoot = "";
			targets = (
				4F4D877F1A25B440004F5F9F /* Example App */,
				4F4D87941A25B441004F5F9F /* Example AppTests */,
			);
		};
/* End PBXProject section */

/* Begin PBXResourcesBuildPhase section */
		4F4D877E1A25B440004F5F9F /* Resources */ = {
			isa = PBXResourcesBuildPhase;
			buildActionMask = 2147483647;
			files = (
				4F4D878B1A25B441004F5F9F /* Main.storyboard in Resources */,
				4F4D87901A25B441004F5F9F /* LaunchScreen.xib in Resources */,
				4F4D878D1A25B441004F5F9F /* Images.xcassets in Resources */,
			);
			runOnlyForDeploymentPostprocessing = 0;
		};
		4F4D87931A25B441004F5F9F /* Resources */ = {
			isa = PBXResourcesBuildPhase;
			buildActionMask = 2147483647;
			files = (
			);
			runOnlyForDeploymentPostprocessing = 0;
		};
/* End PBXResourcesBuildPhase section */

/* Begin PBXSourcesBuildPhase section */
		4F4D877C1A25B440004F5F9F /* Sources */ = {
			isa = PBXSourcesBuildPhase;
			buildActionMask = 2147483647;
			files = (
				4F4D87881A25B440004F5F9F /* ViewController.swift in Sources */,
				4F4D87861A25B440004F5F9F /* AppDelegate.swift in Sources */,
			);
			runOnlyForDeploymentPostprocessing = 0;
		};
		4F4D87911A25B441004F5F9F /* Sources */ = {
			isa = PBXSourcesBuildPhase;
			buildActionMask = 2147483647;
			files = (
				4F4D879C1A25B441004F5F9F /* Example_AppTests.swift in Sources */,
			);
			runOnlyForDeploymentPostprocessing = 0;
		};
/* End PBXSourcesBuildPhase section */

/* Begin PBXTargetDependency section */
		4F4D87971A25B441004F5F9F /* PBXTargetDependency */ = {
			isa = PBXTargetDependency;
			target = 4F4D877F1A25B440004F5F9F /* Example App */;
			targetProxy = 4F4D87961A25B441004F5F9F /* PBXContainerItemProxy */;
		};
/* End PBXTargetDependency section */

/* Begin PBXVariantGroup section */
		4F4D87891A25B441004F5F9F /* Main.storyboard */ = {
			isa = PBXVariantGroup;
			children = (
				4F4D878A1A25B441004F5F9F /* Base */,
			);
			name = Main.storyboard;
			sourceTree = "<group>";
		};
		4F4D878E1A25B441004F5F9F /* LaunchScreen.xib */ = {
			isa = PBXVariantGroup;
			children = (
				4F4D878F1A25B441004F5F9F /* Base */,
			);
			name = LaunchScreen.xib;
			sourceTree = "<group>";
		};
/* End PBXVariantGroup section */

/* Begin XCBuildConfiguration section */
		4F4D879D1A25B441004F5F9F /* Debug */ = {
			isa = XCBuildConfiguration;
			buildSettings = {
				ALWAYS_SEARCH_USER_PATHS = NO;
				CLANG_CXX_LANGUAGE_STANDARD = "gnu++0x";
				CLANG_CXX_LIBRARY = "libc++";
				CLANG_ENABLE_MODULES = YES;
				CLANG_ENABLE_OBJC_ARC = YES;
				CLANG_WARN_BOOL_CONVERSION = YES;
				CLANG_WARN_CONSTANT_CONVERSION = YES;
				CLANG_WARN_DIRECT_OBJC_ISA_USAGE = YES_ERROR;
				CLANG_WARN_EMPTY_BODY = YES;
				CLANG_WARN_ENUM_CONVERSION = YES;
				CLANG_WARN_INT_CONVERSION = YES;
				CLANG_WARN_OBJC_ROOT_CLASS = YES_ERROR;
				CLANG_WARN_UNREACHABLE_CODE = YES;
				CLANG_WARN__DUPLICATE_METHOD_MATCH = YES;
				"CODE_SIGN_IDENTITY[sdk=iphoneos*]" = "iPhone Developer";
				COPY_PHASE_STRIP = NO;
				ENABLE_STRICT_OBJC_MSGSEND = YES;
				GCC_C_LANGUAGE_STANDARD = gnu99;
				GCC_DYNAMIC_NO_PIC = NO;
				GCC_OPTIMIZATION_LEVEL = 0;
				GCC_PREPROCESSOR_DEFINITIONS = (
					"DEBUG=1",
					"$(inherited)",
				);
				GCC_SYMBOLS_PRIVATE_EXTERN = NO;
				GCC_WARN_64_TO_32_BIT_CONVERSION = YES;
				GCC_WARN_ABOUT_RETURN_TYPE = YES_ERROR;
				GCC_WARN_UNDECLARED_SELECTOR = YES;
				GCC_WARN_UNINITIALIZED_AUTOS = YES_AGGRESSIVE;
				GCC_WARN_UNUSED_FUNCTION = YES;
				GCC_WARN_UNUSED_VARIABLE = YES;
				IPHONEOS_DEPLOYMENT_TARGET = 8.1;
				MTL_ENABLE_DEBUG_INFO = YES;
				ONLY_ACTIVE_ARCH = YES;
				SDKROOT = iphoneos;
				SWIFT_OPTIMIZATION_LEVEL = "-Onone";
			};
			name = Debug;
		};
		4F4D879E1A25B441004F5F9F /* Release */ = {
			isa = XCBuildConfiguration;
			buildSettings = {
				ALWAYS_SEARCH_USER_PATHS = NO;
				CLANG_CXX_LANGUAGE_STANDARD = "gnu++0x";
				CLANG_CXX_LIBRARY = "libc++";
				CLANG_ENABLE_MODULES = YES;
				CLANG_ENABLE_OBJC_ARC = YES;
				CLANG_WARN_BOOL_CONVERSION = YES;
				CLANG_WARN_CONSTANT_CONVERSION = YES;
				CLANG_WARN_DIRECT_OBJC_ISA_USAGE = YES_ERROR;
				CLANG_WARN_EMPTY_BODY = YES;
				CLANG_WARN_ENUM_CONVERSION = YES;
				CLANG_WARN_INT_CONVERSION = YES;
				CLANG_WARN_OBJC_ROOT_CLASS = YES_ERROR;
				CLANG_WARN_UNREACHABLE_CODE = YES;
				CLANG_WARN__DUPLICATE_METHOD_MATCH = YES;
				"CODE_SIGN_IDENTITY[sdk=iphoneos*]" = "iPhone Developer";
				COPY_PHASE_STRIP = YES;
				ENABLE_NS_ASSERTIONS = NO;
				ENABLE_STRICT_OBJC_MSGSEND = YES;
				GCC_C_LANGUAGE_STANDARD = gnu99;
				GCC_WARN_64_TO_32_BIT_CONVERSION = YES;
				GCC_WARN_ABOUT_RETURN_TYPE = YES_ERROR;
				GCC_WARN_UNDECLARED_SELECTOR = YES;
				GCC_WARN_UNINITIALIZED_AUTOS = YES_AGGRESSIVE;
				GCC_WARN_UNUSED_FUNCTION = YES;
				GCC_WARN_UNUSED_VARIABLE = YES;
				IPHONEOS_DEPLOYMENT_TARGET = 8.1;
				MTL_ENABLE_DEBUG_INFO = NO;
				SDKROOT = iphoneos;
				VALIDATE_PRODUCT = YES;
			};
			name = Release;
		};
		4F4D87A01A25B441004F5F9F /* Debug */ = {
			isa = XCBuildConfiguration;
			buildSettings = {
				ASSETCATALOG_COMPILER_APPICON_NAME = AppIcon;
				INFOPLIST_FILE = "Example App/Info.plist";
				LD_RUNPATH_SEARCH_PATHS = "$(inherited) @executable_path/Frameworks";
				PRODUCT_NAME = "$(TARGET_NAME)";
			};
			name = Debug;
		};
		4F4D87A11A25B441004F5F9F /* Release */ = {
			isa = XCBuildConfiguration;
			buildSettings = {
				ASSETCATALOG_COMPILER_APPICON_NAME = AppIcon;
				INFOPLIST_FILE = "Example App/Info.plist";
				LD_RUNPATH_SEARCH_PATHS = "$(inherited) @executable_path/Frameworks";
				PRODUCT_NAME = "$(TARGET_NAME)";
			};
			name = Release;
		};
		4F4D87A31A25B441004F5F9F /* Debug */ = {
			isa = XCBuildConfiguration;
			buildSettings = {
				BUNDLE_LOADER = "$(TEST_HOST)";
				FRAMEWORK_SEARCH_PATHS = (
					"$(SDKROOT)/Developer/Library/Frameworks",
					"$(inherited)",
				);
				GCC_PREPROCESSOR_DEFINITIONS = (
					"DEBUG=1",
					"$(inherited)",
				);
				INFOPLIST_FILE = "Example AppTests/Info.plist";
				LD_RUNPATH_SEARCH_PATHS = "$(inherited) @executable_path/Frameworks @loader_path/Frameworks";
				PRODUCT_NAME = "$(TARGET_NAME)";
				TEST_HOST = "$(BUILT_PRODUCTS_DIR)/Example App.app/Example App";
			};
			name = Debug;
		};
		4F4D87A41A25B441004F5F9F /* Release */ = {
			isa = XCBuildConfiguration;
			buildSettings = {
				BUNDLE_LOADER = "$(TEST_HOST)";
				FRAMEWORK_SEARCH_PATHS = (
					"$(SDKROOT)/Developer/Library/Frameworks",
					"$(inherited)",
				);
				INFOPLIST_FILE = "Example AppTests/Info.plist";
				LD_RUNPATH_SEARCH_PATHS = "$(inherited) @executable_path/Frameworks @loader_path/Frameworks";
				PRODUCT_NAME = "$(TARGET_NAME)";
				TEST_HOST = "$(BUILT_PRODUCTS_DIR)/Example App.app/Example App";
			};
			name = Release;
		};
/* End XCBuildConfiguration section */

/* Begin XCConfigurationList section */
		4F4D877B1A25B440004F5F9F /* Build configuration list for PBXProject "Example App" */ = {
			isa = XCConfigurationList;
			buildConfigurations = (
				4F4D879D1A25B441004F5F9F /* Debug */,
				4F4D879E1A25B441004F5F9F /* Release */,
			);
			defaultConfigurationIsVisible = 0;
			defaultConfigurationName = Release;
		};
		4F4D879F1A25B441004F5F9F /* Build configuration list for PBXNativeTarget "Example App" */ = {
			isa = XCConfigurationList;
			buildConfigurations = (
				4F4D87A01A25B441004F5F9F /* Debug */,
				4F4D87A11A25B441004F5F9F /* Release */,
			);
			defaultConfigurationIsVisible = 0;
		};
		4F4D87A21A25B441004F5F9F /* Build configuration list for PBXNativeTarget "Example AppTests" */ = {
			isa = XCConfigurationList;
			buildConfigurations = (
				4F4D87A31A25B441004F5F9F /* Debug */,
				4F4D87A41A25B441004F5F9F /* Release */,
			);
			defaultConfigurationIsVisible = 0;
		};
/* End XCConfigurationList section */
	};
	rootObject = 4F4D87781A25B440004F5F9F /* Project object */;
}
